
Microsoft Visual Studio Solution File, Format Version 12.00
# Visual Studio 15
Project("{FAE04EC0-301F-11D3-BF4B-00C04F79EFBC}") = "UnityEngine.UI", "UnityEngine.UI.csproj", "{75441226-EEE9-64BD-8C5B-35ECC7E42A95}"
EndProject
Project("{FAE04EC0-301F-11D3-BF4B-00C04F79EFBC}") = "Mirror", "Mirror.csproj", "{FFD5E7EF-7325-96BE-4D25-E06FD6484B58}"
EndProject
Project("{FAE04EC0-301F-11D3-BF4B-00C04F79EFBC}") = "UnityEngine.TestRunner", "UnityEngine.TestRunner.csproj", "{A3D1C13E-1F28-2E5A-29AC-7AABF5EF3100}"
EndProject
Project("{FAE04EC0-301F-11D3-BF4B-00C04F79EFBC}") = "Assembly-CSharp", "Assembly-CSharp.csproj", "{AB3BED21-1598-0980-3EBF-7152B180FE46}"
EndProject
Project("{FAE04EC0-301F-11D3-BF4B-00C04F79EFBC}") = "SimpleWebTransport", "SimpleWebTransport.csproj", "{A8D034D0-5A6E-A3E1-1B88-803C0CA84DF2}"
EndProject
Project("{FAE04EC0-301F-11D3-BF4B-00C04F79EFBC}") = "Unity.Timeline", "Unity.Timeline.csproj", "{2A76623D-2610-6E6D-F28A-1D9A1FCA7664}"
EndProject
Project("{FAE04EC0-301F-11D3-BF4B-00C04F79EFBC}") = "Mirror.Examples", "Mirror.Examples.csproj", "{79433A75-F59F-084C-24ED-0AAA30CA2B7B}"
EndProject
Project("{FAE04EC0-301F-11D3-BF4B-00C04F79EFBC}") = "Mirror.Components", "Mirror.Components.csproj", "{E9956FA1-1E6F-75D7-0AC1-D45873906D9E}"
EndProject
Project("{FAE04EC0-301F-11D3-BF4B-00C04F79EFBC}") = "Mirror.Tests.Common", "Mirror.Tests.Common.csproj", "{129B9E73-0B7D-643A-08D7-96459C98B349}"
EndProject
Project("{FAE04EC0-301F-11D3-BF4B-00C04F79EFBC}") = "Unity.TextMeshPro", "Unity.TextMeshPro.csproj", "{4F862E5B-BCAD-5238-DE47-61DC120381AB}"
EndProject
Project("{FAE04EC0-301F-11D3-BF4B-00C04F79EFBC}") = "Mirror.Tests.Runtime", "Mirror.Tests.Runtime.csproj", "{2462E18A-4CAA-BA51-00D0-5F5556F090C2}"
EndProject
Project("{FAE04EC0-301F-11D3-BF4B-00C04F79EFBC}") = "Telepathy", "Telepathy.csproj", "{12E6A63A-BF3F-1384-076A-A7EAE59F366E}"
EndProject
Project("{FAE04EC0-301F-11D3-BF4B-00C04F79EFBC}") = "Mirror.Authenticators", "Mirror.Authenticators.csproj", "{A0B2C42A-8DFD-F5FE-153D-9E4952E95C15}"
EndProject
Project("{FAE04EC0-301F-11D3-BF4B-00C04F79EFBC}") = "kcp2k", "kcp2k.csproj", "{53FA3E02-9BB6-2F6C-20B7-97123A084863}"
EndProject
Project("{FAE04EC0-301F-11D3-BF4B-00C04F79EFBC}") = "Mirror.Examples.Cloud.GUI", "Mirror.Examples.Cloud.GUI.csproj", "{CFF8F8EA-6679-0A81-C719-78E01BADAE8A}"
EndProject
Project("{FAE04EC0-301F-11D3-BF4B-00C04F79EFBC}") = "Mirror.Cloud", "Mirror.Cloud.csproj", "{59FB889B-4DCB-2CF1-31B0-026C08E74C5A}"
EndProject
Project("{FAE04EC0-301F-11D3-BF4B-00C04F79EFBC}") = "Mirror.Examples.Cloud.Pong", "Mirror.Examples.Cloud.Pong.csproj", "{D3F3CA9C-89AA-C1AF-771F-101CD9DACE14}"
EndProject
Project("{FAE04EC0-301F-11D3-BF4B-00C04F79EFBC}") = "Mirror.Tests.Performance.Runtime", "Mirror.Tests.Performance.Runtime.csproj", "{03FD251E-0349-BB68-52CB-796BB42838D3}"
EndProject
Project("{FAE04EC0-301F-11D3-BF4B-00C04F79EFBC}") = "UnityEditor.TestRunner", "UnityEditor.TestRunner.csproj", "{46E33313-800C-F65F-FFC2-20C19A1BFA37}"
EndProject
Project("{FAE04EC0-301F-11D3-BF4B-00C04F79EFBC}") = "UnityEditor.UI", "UnityEditor.UI.csproj", "{F1EC40D9-0781-0552-1185-EF8178ABEAC3}"
EndProject
Project("{FAE04EC0-301F-11D3-BF4B-00C04F79EFBC}") = "Unity.Timeline.Editor", "Unity.Timeline.Editor.csproj", "{2A23265B-A32E-498F-4B02-AFD7FD6E1971}"
EndProject
Project("{FAE04EC0-301F-11D3-BF4B-00C04F79EFBC}") = "Unity.VisualStudio.Editor", "Unity.VisualStudio.Editor.csproj", "{A3593D89-9CCD-5CE6-C0B2-2596CF6F9836}"
EndProject
Project("{FAE04EC0-301F-11D3-BF4B-00C04F79EFBC}") = "Unity.TextMeshPro.Editor", "Unity.TextMeshPro.Editor.csproj", "{417D125D-156F-EB22-36D7-AE539AD1AF20}"
EndProject
Project("{FAE04EC0-301F-11D3-BF4B-00C04F79EFBC}") = "Unity.CollabProxy.Editor", "Unity.CollabProxy.Editor.csproj", "{0594E3A8-A309-C91C-2513-80A37C31649B}"
EndProject
Project("{FAE04EC0-301F-11D3-BF4B-00C04F79EFBC}") = "Mirror.Weaver", "Mirror.Weaver.csproj", "{F4E3BFCD-E9BF-23F7-81B4-1BF36A6185A5}"
EndProject
Project("{FAE04EC0-301F-11D3-BF4B-00C04F79EFBC}") = "Mirror.Tests", "Mirror.Tests.csproj", "{B3FC72B3-08E0-BC2E-C30D-BEDC0C894BCD}"
EndProject
Project("{FAE04EC0-301F-11D3-BF4B-00C04F79EFBC}") = "ParrelSync", "ParrelSync.csproj", "{D416928F-68DD-664C-14C5-352AE5D9D84C}"
EndProject
Project("{FAE04EC0-301F-11D3-BF4B-00C04F79EFBC}") = "Assembly-CSharp-Editor", "Assembly-CSharp-Editor.csproj", "{0BBFB77A-EB40-38EA-76A2-F6290F68828F}"
EndProject
Project("{FAE04EC0-301F-11D3-BF4B-00C04F79EFBC}") = "Unity.Rider.Editor", "Unity.Rider.Editor.csproj", "{B191D59D-F28A-AB0C-05CF-06A81D02E259}"
EndProject
Project("{FAE04EC0-301F-11D3-BF4B-00C04F79EFBC}") = "WeaverTestExtraAssembly", "WeaverTestExtraAssembly.csproj", "{F2FBF7FA-F893-D94A-A1C1-9D5E9042812B}"
EndProject
Project("{FAE04EC0-301F-11D3-BF4B-00C04F79EFBC}") = "Mirror.Tests.Performance.Editor", "Mirror.Tests.Performance.Editor.csproj", "{B543B219-4450-66DF-6A38-56B56E17769B}"
EndProject
Project("{FAE04EC0-301F-11D3-BF4B-00C04F79EFBC}") = "Mirror.Editor", "Mirror.Editor.csproj", "{2C4B3B30-07FB-6D04-6A80-099CC169C834}"
EndProject
Project("{FAE04EC0-301F-11D3-BF4B-00C04F79EFBC}") = "Unity.VSCode.Editor", "Unity.VSCode.Editor.csproj", "{957E00EA-1207-2812-630A-21A0CB46ADB4}"
EndProject
Project("{FAE04EC0-301F-11D3-BF4B-00C04F79EFBC}") = "Mirror.CompilerSymbols", "Mirror.CompilerSymbols.csproj", "{E97E0CE6-96E2-8565-A0F0-22D79795A42E}"
EndProject
Project("{FAE04EC0-301F-11D3-BF4B-00C04F79EFBC}") = "UnityEngine.UI", "UnityEngine.UI.Player.csproj", "{BAA18A0B-C7F8-FE67-3023-19D78DA479BE}"
EndProject
Project("{FAE04EC0-301F-11D3-BF4B-00C04F79EFBC}") = "Mirror", "Mirror.Player.csproj", "{6FF76D65-FA3E-893F-3266-7F0A1156EC78}"
EndProject
Project("{FAE04EC0-301F-11D3-BF4B-00C04F79EFBC}") = "UnityEngine.TestRunner", "UnityEngine.TestRunner.Player.csproj", "{4D5B0281-EE98-2B8F-E7D8-72AC4B829E2E}"
EndProject
Project("{FAE04EC0-301F-11D3-BF4B-00C04F79EFBC}") = "Assembly-CSharp", "Assembly-CSharp.Player.csproj", "{AD5069F1-3D13-99BB-4075-F3F753BEFAAE}"
EndProject
Project("{FAE04EC0-301F-11D3-BF4B-00C04F79EFBC}") = "SimpleWebTransport", "SimpleWebTransport.Player.csproj", "{D21BF867-D7C1-9575-FD5D-8C4E0273423A}"
EndProject
Project("{FAE04EC0-301F-11D3-BF4B-00C04F79EFBC}") = "Unity.Timeline", "Unity.Timeline.Player.csproj", "{60B98A4A-14E2-288A-E83D-E1D238A5AA3A}"
EndProject
Project("{FAE04EC0-301F-11D3-BF4B-00C04F79EFBC}") = "Mirror.Examples", "Mirror.Examples.Player.csproj", "{033A9E04-0A57-91F7-AA90-0E44C2C22697}"
EndProject
Project("{FAE04EC0-301F-11D3-BF4B-00C04F79EFBC}") = "Mirror.Components", "Mirror.Components.Player.csproj", "{4F4B665A-654A-E315-5C5A-8130DA1DD979}"
EndProject
Project("{FAE04EC0-301F-11D3-BF4B-00C04F79EFBC}") = "Mirror.Tests.Common", "Mirror.Tests.Common.Player.csproj", "{CB102BB5-BDEB-4900-4A63-B242EC601349}"
EndProject
Project("{FAE04EC0-301F-11D3-BF4B-00C04F79EFBC}") = "Unity.TextMeshPro", "Unity.TextMeshPro.Player.csproj", "{E60FF5CB-093D-1EB9-C24B-BE0283D30468}"
EndProject
Project("{FAE04EC0-301F-11D3-BF4B-00C04F79EFBC}") = "Mirror.Tests.Runtime", "Mirror.Tests.Runtime.Player.csproj", "{94411AAB-4205-2F4C-A972-12A846E1A6D6}"
EndProject
Project("{FAE04EC0-301F-11D3-BF4B-00C04F79EFBC}") = "Telepathy", "Telepathy.Player.csproj", "{3B1C816B-4050-BF8A-BEE9-20B46BF9E0A0}"
EndProject
Project("{FAE04EC0-301F-11D3-BF4B-00C04F79EFBC}") = "Mirror.Authenticators", "Mirror.Authenticators.Player.csproj", "{0FCAEF50-5F9E-0C43-1C47-2B7281427E09}"
EndProject
Project("{FAE04EC0-301F-11D3-BF4B-00C04F79EFBC}") = "kcp2k", "kcp2k.Player.csproj", "{F5A61E05-81C7-ECA9-DE6A-7287A9899E69}"
EndProject
Project("{FAE04EC0-301F-11D3-BF4B-00C04F79EFBC}") = "Mirror.Examples.Cloud.GUI", "Mirror.Examples.Cloud.GUI.Player.csproj", "{AE441EBF-B517-EA94-7527-A1AB01738A14}"
EndProject
Project("{FAE04EC0-301F-11D3-BF4B-00C04F79EFBC}") = "Mirror.Cloud", "Mirror.Cloud.Player.csproj", "{CFD03242-4CD0-0FF9-AA65-67C4ADD7B59B}"
EndProject
Project("{FAE04EC0-301F-11D3-BF4B-00C04F79EFBC}") = "Mirror.Examples.Cloud.Pong", "Mirror.Examples.Cloud.Pong.Player.csproj", "{72C71D5A-F7A2-8C89-2811-F832C35BB0B6}"
EndProject
Project("{FAE04EC0-301F-11D3-BF4B-00C04F79EFBC}") = "Mirror.Tests.Performance.Runtime", "Mirror.Tests.Performance.Runtime.Player.csproj", "{4A4EAE94-0385-8628-5EEE-DBF26BE506AC}"
EndProject
Global
	GlobalSection(SolutionConfigurationPlatforms) = preSolution
		Debug|Any CPU = Debug|Any CPU
		Release|Any CPU = Release|Any CPU
	EndGlobalSection
	GlobalSection(ProjectConfigurationPlatforms) = postSolution
		{75441226-EEE9-64BD-8C5B-35ECC7E42A95}.Debug|Any CPU.ActiveCfg = Debug|Any CPU
		{75441226-EEE9-64BD-8C5B-35ECC7E42A95}.Debug|Any CPU.Build.0 = Debug|Any CPU
		{75441226-EEE9-64BD-8C5B-35ECC7E42A95}.Release|Any CPU.ActiveCfg = Release|Any CPU
		{75441226-EEE9-64BD-8C5B-35ECC7E42A95}.Release|Any CPU.Build.0 = Release|Any CPU
		{FFD5E7EF-7325-96BE-4D25-E06FD6484B58}.Debug|Any CPU.ActiveCfg = Debug|Any CPU
		{FFD5E7EF-7325-96BE-4D25-E06FD6484B58}.Debug|Any CPU.Build.0 = Debug|Any CPU
		{FFD5E7EF-7325-96BE-4D25-E06FD6484B58}.Release|Any CPU.ActiveCfg = Release|Any CPU
		{FFD5E7EF-7325-96BE-4D25-E06FD6484B58}.Release|Any CPU.Build.0 = Release|Any CPU
		{A3D1C13E-1F28-2E5A-29AC-7AABF5EF3100}.Debug|Any CPU.ActiveCfg = Debug|Any CPU
		{A3D1C13E-1F28-2E5A-29AC-7AABF5EF3100}.Debug|Any CPU.Build.0 = Debug|Any CPU
		{A3D1C13E-1F28-2E5A-29AC-7AABF5EF3100}.Release|Any CPU.ActiveCfg = Release|Any CPU
		{A3D1C13E-1F28-2E5A-29AC-7AABF5EF3100}.Release|Any CPU.Build.0 = Release|Any CPU
		{AB3BED21-1598-0980-3EBF-7152B180FE46}.Debug|Any CPU.ActiveCfg = Debug|Any CPU
		{AB3BED21-1598-0980-3EBF-7152B180FE46}.Debug|Any CPU.Build.0 = Debug|Any CPU
		{AB3BED21-1598-0980-3EBF-7152B180FE46}.Release|Any CPU.ActiveCfg = Release|Any CPU
		{AB3BED21-1598-0980-3EBF-7152B180FE46}.Release|Any CPU.Build.0 = Release|Any CPU
		{A8D034D0-5A6E-A3E1-1B88-803C0CA84DF2}.Debug|Any CPU.ActiveCfg = Debug|Any CPU
		{A8D034D0-5A6E-A3E1-1B88-803C0CA84DF2}.Debug|Any CPU.Build.0 = Debug|Any CPU
		{A8D034D0-5A6E-A3E1-1B88-803C0CA84DF2}.Release|Any CPU.ActiveCfg = Release|Any CPU
		{A8D034D0-5A6E-A3E1-1B88-803C0CA84DF2}.Release|Any CPU.Build.0 = Release|Any CPU
		{2A76623D-2610-6E6D-F28A-1D9A1FCA7664}.Debug|Any CPU.ActiveCfg = Debug|Any CPU
		{2A76623D-2610-6E6D-F28A-1D9A1FCA7664}.Debug|Any CPU.Build.0 = Debug|Any CPU
		{2A76623D-2610-6E6D-F28A-1D9A1FCA7664}.Release|Any CPU.ActiveCfg = Release|Any CPU
		{2A76623D-2610-6E6D-F28A-1D9A1FCA7664}.Release|Any CPU.Build.0 = Release|Any CPU
		{79433A75-F59F-084C-24ED-0AAA30CA2B7B}.Debug|Any CPU.ActiveCfg = Debug|Any CPU
		{79433A75-F59F-084C-24ED-0AAA30CA2B7B}.Debug|Any CPU.Build.0 = Debug|Any CPU
		{79433A75-F59F-084C-24ED-0AAA30CA2B7B}.Release|Any CPU.ActiveCfg = Release|Any CPU
		{79433A75-F59F-084C-24ED-0AAA30CA2B7B}.Release|Any CPU.Build.0 = Release|Any CPU
		{E9956FA1-1E6F-75D7-0AC1-D45873906D9E}.Debug|Any CPU.ActiveCfg = Debug|Any CPU
		{E9956FA1-1E6F-75D7-0AC1-D45873906D9E}.Debug|Any CPU.Build.0 = Debug|Any CPU
		{E9956FA1-1E6F-75D7-0AC1-D45873906D9E}.Release|Any CPU.ActiveCfg = Release|Any CPU
		{E9956FA1-1E6F-75D7-0AC1-D45873906D9E}.Release|Any CPU.Build.0 = Release|Any CPU
		{129B9E73-0B7D-643A-08D7-96459C98B349}.Debug|Any CPU.ActiveCfg = Debug|Any CPU
		{129B9E73-0B7D-643A-08D7-96459C98B349}.Debug|Any CPU.Build.0 = Debug|Any CPU
		{129B9E73-0B7D-643A-08D7-96459C98B349}.Release|Any CPU.ActiveCfg = Release|Any CPU
		{129B9E73-0B7D-643A-08D7-96459C98B349}.Release|Any CPU.Build.0 = Release|Any CPU
		{4F862E5B-BCAD-5238-DE47-61DC120381AB}.Debug|Any CPU.ActiveCfg = Debug|Any CPU
		{4F862E5B-BCAD-5238-DE47-61DC120381AB}.Debug|Any CPU.Build.0 = Debug|Any CPU
		{4F862E5B-BCAD-5238-DE47-61DC120381AB}.Release|Any CPU.ActiveCfg = Release|Any CPU
		{4F862E5B-BCAD-5238-DE47-61DC120381AB}.Release|Any CPU.Build.0 = Release|Any CPU
		{2462E18A-4CAA-BA51-00D0-5F5556F090C2}.Debug|Any CPU.ActiveCfg = Debug|Any CPU
		{2462E18A-4CAA-BA51-00D0-5F5556F090C2}.Debug|Any CPU.Build.0 = Debug|Any CPU
		{2462E18A-4CAA-BA51-00D0-5F5556F090C2}.Release|Any CPU.ActiveCfg = Release|Any CPU
		{2462E18A-4CAA-BA51-00D0-5F5556F090C2}.Release|Any CPU.Build.0 = Release|Any CPU
		{12E6A63A-BF3F-1384-076A-A7EAE59F366E}.Debug|Any CPU.ActiveCfg = Debug|Any CPU
		{12E6A63A-BF3F-1384-076A-A7EAE59F366E}.Debug|Any CPU.Build.0 = Debug|Any CPU
		{12E6A63A-BF3F-1384-076A-A7EAE59F366E}.Release|Any CPU.ActiveCfg = Release|Any CPU
		{12E6A63A-BF3F-1384-076A-A7EAE59F366E}.Release|Any CPU.Build.0 = Release|Any CPU
		{A0B2C42A-8DFD-F5FE-153D-9E4952E95C15}.Debug|Any CPU.ActiveCfg = Debug|Any CPU
		{A0B2C42A-8DFD-F5FE-153D-9E4952E95C15}.Debug|Any CPU.Build.0 = Debug|Any CPU
		{A0B2C42A-8DFD-F5FE-153D-9E4952E95C15}.Release|Any CPU.ActiveCfg = Release|Any CPU
		{A0B2C42A-8DFD-F5FE-153D-9E4952E95C15}.Release|Any CPU.Build.0 = Release|Any CPU
		{53FA3E02-9BB6-2F6C-20B7-97123A084863}.Debug|Any CPU.ActiveCfg = Debug|Any CPU
		{53FA3E02-9BB6-2F6C-20B7-97123A084863}.Debug|Any CPU.Build.0 = Debug|Any CPU
		{53FA3E02-9BB6-2F6C-20B7-97123A084863}.Release|Any CPU.ActiveCfg = Release|Any CPU
		{53FA3E02-9BB6-2F6C-20B7-97123A084863}.Release|Any CPU.Build.0 = Release|Any CPU
		{CFF8F8EA-6679-0A81-C719-78E01BADAE8A}.Debug|Any CPU.ActiveCfg = Debug|Any CPU
		{CFF8F8EA-6679-0A81-C719-78E01BADAE8A}.Debug|Any CPU.Build.0 = Debug|Any CPU
		{CFF8F8EA-6679-0A81-C719-78E01BADAE8A}.Release|Any CPU.ActiveCfg = Release|Any CPU
		{CFF8F8EA-6679-0A81-C719-78E01BADAE8A}.Release|Any CPU.Build.0 = Release|Any CPU
		{59FB889B-4DCB-2CF1-31B0-026C08E74C5A}.Debug|Any CPU.ActiveCfg = Debug|Any CPU
		{59FB889B-4DCB-2CF1-31B0-026C08E74C5A}.Debug|Any CPU.Build.0 = Debug|Any CPU
		{59FB889B-4DCB-2CF1-31B0-026C08E74C5A}.Release|Any CPU.ActiveCfg = Release|Any CPU
		{59FB889B-4DCB-2CF1-31B0-026C08E74C5A}.Release|Any CPU.Build.0 = Release|Any CPU
		{D3F3CA9C-89AA-C1AF-771F-101CD9DACE14}.Debug|Any CPU.ActiveCfg = Debug|Any CPU
		{D3F3CA9C-89AA-C1AF-771F-101CD9DACE14}.Debug|Any CPU.Build.0 = Debug|Any CPU
		{D3F3CA9C-89AA-C1AF-771F-101CD9DACE14}.Release|Any CPU.ActiveCfg = Release|Any CPU
		{D3F3CA9C-89AA-C1AF-771F-101CD9DACE14}.Release|Any CPU.Build.0 = Release|Any CPU
		{03FD251E-0349-BB68-52CB-796BB42838D3}.Debug|Any CPU.ActiveCfg = Debug|Any CPU
		{03FD251E-0349-BB68-52CB-796BB42838D3}.Debug|Any CPU.Build.0 = Debug|Any CPU
		{03FD251E-0349-BB68-52CB-796BB42838D3}.Release|Any CPU.ActiveCfg = Release|Any CPU
		{03FD251E-0349-BB68-52CB-796BB42838D3}.Release|Any CPU.Build.0 = Release|Any CPU
		{46E33313-800C-F65F-FFC2-20C19A1BFA37}.Debug|Any CPU.ActiveCfg = Debug|Any CPU
		{46E33313-800C-F65F-FFC2-20C19A1BFA37}.Debug|Any CPU.Build.0 = Debug|Any CPU
		{46E33313-800C-F65F-FFC2-20C19A1BFA37}.Release|Any CPU.ActiveCfg = Release|Any CPU
		{46E33313-800C-F65F-FFC2-20C19A1BFA37}.Release|Any CPU.Build.0 = Release|Any CPU
		{F1EC40D9-0781-0552-1185-EF8178ABEAC3}.Debug|Any CPU.ActiveCfg = Debug|Any CPU
		{F1EC40D9-0781-0552-1185-EF8178ABEAC3}.Debug|Any CPU.Build.0 = Debug|Any CPU
		{F1EC40D9-0781-0552-1185-EF8178ABEAC3}.Release|Any CPU.ActiveCfg = Release|Any CPU
		{F1EC40D9-0781-0552-1185-EF8178ABEAC3}.Release|Any CPU.Build.0 = Release|Any CPU
		{2A23265B-A32E-498F-4B02-AFD7FD6E1971}.Debug|Any CPU.ActiveCfg = Debug|Any CPU
		{2A23265B-A32E-498F-4B02-AFD7FD6E1971}.Debug|Any CPU.Build.0 = Debug|Any CPU
		{2A23265B-A32E-498F-4B02-AFD7FD6E1971}.Release|Any CPU.ActiveCfg = Release|Any CPU
		{2A23265B-A32E-498F-4B02-AFD7FD6E1971}.Release|Any CPU.Build.0 = Release|Any CPU
		{A3593D89-9CCD-5CE6-C0B2-2596CF6F9836}.Debug|Any CPU.ActiveCfg = Debug|Any CPU
		{A3593D89-9CCD-5CE6-C0B2-2596CF6F9836}.Debug|Any CPU.Build.0 = Debug|Any CPU
		{A3593D89-9CCD-5CE6-C0B2-2596CF6F9836}.Release|Any CPU.ActiveCfg = Release|Any CPU
		{A3593D89-9CCD-5CE6-C0B2-2596CF6F9836}.Release|Any CPU.Build.0 = Release|Any CPU
		{417D125D-156F-EB22-36D7-AE539AD1AF20}.Debug|Any CPU.ActiveCfg = Debug|Any CPU
		{417D125D-156F-EB22-36D7-AE539AD1AF20}.Debug|Any CPU.Build.0 = Debug|Any CPU
		{417D125D-156F-EB22-36D7-AE539AD1AF20}.Release|Any CPU.ActiveCfg = Release|Any CPU
		{417D125D-156F-EB22-36D7-AE539AD1AF20}.Release|Any CPU.Build.0 = Release|Any CPU
		{0594E3A8-A309-C91C-2513-80A37C31649B}.Debug|Any CPU.ActiveCfg = Debug|Any CPU
		{0594E3A8-A309-C91C-2513-80A37C31649B}.Debug|Any CPU.Build.0 = Debug|Any CPU
		{0594E3A8-A309-C91C-2513-80A37C31649B}.Release|Any CPU.ActiveCfg = Release|Any CPU
		{0594E3A8-A309-C91C-2513-80A37C31649B}.Release|Any CPU.Build.0 = Release|Any CPU
		{F4E3BFCD-E9BF-23F7-81B4-1BF36A6185A5}.Debug|Any CPU.ActiveCfg = Debug|Any CPU
		{F4E3BFCD-E9BF-23F7-81B4-1BF36A6185A5}.Debug|Any CPU.Build.0 = Debug|Any CPU
		{F4E3BFCD-E9BF-23F7-81B4-1BF36A6185A5}.Release|Any CPU.ActiveCfg = Release|Any CPU
		{F4E3BFCD-E9BF-23F7-81B4-1BF36A6185A5}.Release|Any CPU.Build.0 = Release|Any CPU
		{B3FC72B3-08E0-BC2E-C30D-BEDC0C894BCD}.Debug|Any CPU.ActiveCfg = Debug|Any CPU
		{B3FC72B3-08E0-BC2E-C30D-BEDC0C894BCD}.Debug|Any CPU.Build.0 = Debug|Any CPU
		{B3FC72B3-08E0-BC2E-C30D-BEDC0C894BCD}.Release|Any CPU.ActiveCfg = Release|Any CPU
		{B3FC72B3-08E0-BC2E-C30D-BEDC0C894BCD}.Release|Any CPU.Build.0 = Release|Any CPU
		{D416928F-68DD-664C-14C5-352AE5D9D84C}.Debug|Any CPU.ActiveCfg = Debug|Any CPU
		{D416928F-68DD-664C-14C5-352AE5D9D84C}.Debug|Any CPU.Build.0 = Debug|Any CPU
		{D416928F-68DD-664C-14C5-352AE5D9D84C}.Release|Any CPU.ActiveCfg = Release|Any CPU
		{D416928F-68DD-664C-14C5-352AE5D9D84C}.Release|Any CPU.Build.0 = Release|Any CPU
		{0BBFB77A-EB40-38EA-76A2-F6290F68828F}.Debug|Any CPU.ActiveCfg = Debug|Any CPU
		{0BBFB77A-EB40-38EA-76A2-F6290F68828F}.Debug|Any CPU.Build.0 = Debug|Any CPU
		{0BBFB77A-EB40-38EA-76A2-F6290F68828F}.Release|Any CPU.ActiveCfg = Release|Any CPU
		{0BBFB77A-EB40-38EA-76A2-F6290F68828F}.Release|Any CPU.Build.0 = Release|Any CPU
		{B191D59D-F28A-AB0C-05CF-06A81D02E259}.Debug|Any CPU.ActiveCfg = Debug|Any CPU
		{B191D59D-F28A-AB0C-05CF-06A81D02E259}.Debug|Any CPU.Build.0 = Debug|Any CPU
		{B191D59D-F28A-AB0C-05CF-06A81D02E259}.Release|Any CPU.ActiveCfg = Release|Any CPU
		{B191D59D-F28A-AB0C-05CF-06A81D02E259}.Release|Any CPU.Build.0 = Release|Any CPU
		{F2FBF7FA-F893-D94A-A1C1-9D5E9042812B}.Debug|Any CPU.ActiveCfg = Debug|Any CPU
		{F2FBF7FA-F893-D94A-A1C1-9D5E9042812B}.Debug|Any CPU.Build.0 = Debug|Any CPU
		{F2FBF7FA-F893-D94A-A1C1-9D5E9042812B}.Release|Any CPU.ActiveCfg = Release|Any CPU
		{F2FBF7FA-F893-D94A-A1C1-9D5E9042812B}.Release|Any CPU.Build.0 = Release|Any CPU
		{B543B219-4450-66DF-6A38-56B56E17769B}.Debug|Any CPU.ActiveCfg = Debug|Any CPU
		{B543B219-4450-66DF-6A38-56B56E17769B}.Debug|Any CPU.Build.0 = Debug|Any CPU
		{B543B219-4450-66DF-6A38-56B56E17769B}.Release|Any CPU.ActiveCfg = Release|Any CPU
		{B543B219-4450-66DF-6A38-56B56E17769B}.Release|Any CPU.Build.0 = Release|Any CPU
		{2C4B3B30-07FB-6D04-6A80-099CC169C834}.Debug|Any CPU.ActiveCfg = Debug|Any CPU
		{2C4B3B30-07FB-6D04-6A80-099CC169C834}.Debug|Any CPU.Build.0 = Debug|Any CPU
		{2C4B3B30-07FB-6D04-6A80-099CC169C834}.Release|Any CPU.ActiveCfg = Release|Any CPU
		{2C4B3B30-07FB-6D04-6A80-099CC169C834}.Release|Any CPU.Build.0 = Release|Any CPU
		{957E00EA-1207-2812-630A-21A0CB46ADB4}.Debug|Any CPU.ActiveCfg = Debug|Any CPU
		{957E00EA-1207-2812-630A-21A0CB46ADB4}.Debug|Any CPU.Build.0 = Debug|Any CPU
		{957E00EA-1207-2812-630A-21A0CB46ADB4}.Release|Any CPU.ActiveCfg = Release|Any CPU
		{957E00EA-1207-2812-630A-21A0CB46ADB4}.Release|Any CPU.Build.0 = Release|Any CPU
		{E97E0CE6-96E2-8565-A0F0-22D79795A42E}.Debug|Any CPU.ActiveCfg = Debug|Any CPU
		{E97E0CE6-96E2-8565-A0F0-22D79795A42E}.Debug|Any CPU.Build.0 = Debug|Any CPU
		{E97E0CE6-96E2-8565-A0F0-22D79795A42E}.Release|Any CPU.ActiveCfg = Release|Any CPU
		{E97E0CE6-96E2-8565-A0F0-22D79795A42E}.Release|Any CPU.Build.0 = Release|Any CPU
		{BAA18A0B-C7F8-FE67-3023-19D78DA479BE}.Debug|Any CPU.ActiveCfg = Debug|Any CPU
		{BAA18A0B-C7F8-FE67-3023-19D78DA479BE}.Debug|Any CPU.Build.0 = Debug|Any CPU
		{BAA18A0B-C7F8-FE67-3023-19D78DA479BE}.Release|Any CPU.ActiveCfg = Release|Any CPU
		{BAA18A0B-C7F8-FE67-3023-19D78DA479BE}.Release|Any CPU.Build.0 = Release|Any CPU
		{6FF76D65-FA3E-893F-3266-7F0A1156EC78}.Debug|Any CPU.ActiveCfg = Debug|Any CPU
		{6FF76D65-FA3E-893F-3266-7F0A1156EC78}.Debug|Any CPU.Build.0 = Debug|Any CPU
		{6FF76D65-FA3E-893F-3266-7F0A1156EC78}.Release|Any CPU.ActiveCfg = Release|Any CPU
		{6FF76D65-FA3E-893F-3266-7F0A1156EC78}.Release|Any CPU.Build.0 = Release|Any CPU
		{4D5B0281-EE98-2B8F-E7D8-72AC4B829E2E}.Debug|Any CPU.ActiveCfg = Debug|Any CPU
		{4D5B0281-EE98-2B8F-E7D8-72AC4B829E2E}.Debug|Any CPU.Build.0 = Debug|Any CPU
		{4D5B0281-EE98-2B8F-E7D8-72AC4B829E2E}.Release|Any CPU.ActiveCfg = Release|Any CPU
		{4D5B0281-EE98-2B8F-E7D8-72AC4B829E2E}.Release|Any CPU.Build.0 = Release|Any CPU
		{AD5069F1-3D13-99BB-4075-F3F753BEFAAE}.Debug|Any CPU.ActiveCfg = Debug|Any CPU
		{AD5069F1-3D13-99BB-4075-F3F753BEFAAE}.Debug|Any CPU.Build.0 = Debug|Any CPU
		{AD5069F1-3D13-99BB-4075-F3F753BEFAAE}.Release|Any CPU.ActiveCfg = Release|Any CPU
		{AD5069F1-3D13-99BB-4075-F3F753BEFAAE}.Release|Any CPU.Build.0 = Release|Any CPU
		{D21BF867-D7C1-9575-FD5D-8C4E0273423A}.Debug|Any CPU.ActiveCfg = Debug|Any CPU
		{D21BF867-D7C1-9575-FD5D-8C4E0273423A}.Debug|Any CPU.Build.0 = Debug|Any CPU
		{D21BF867-D7C1-9575-FD5D-8C4E0273423A}.Release|Any CPU.ActiveCfg = Release|Any CPU
		{D21BF867-D7C1-9575-FD5D-8C4E0273423A}.Release|Any CPU.Build.0 = Release|Any CPU
		{60B98A4A-14E2-288A-E83D-E1D238A5AA3A}.Debug|Any CPU.ActiveCfg = Debug|Any CPU
		{60B98A4A-14E2-288A-E83D-E1D238A5AA3A}.Debug|Any CPU.Build.0 = Debug|Any CPU
		{60B98A4A-14E2-288A-E83D-E1D238A5AA3A}.Release|Any CPU.ActiveCfg = Release|Any CPU
		{60B98A4A-14E2-288A-E83D-E1D238A5AA3A}.Release|Any CPU.Build.0 = Release|Any CPU
		{033A9E04-0A57-91F7-AA90-0E44C2C22697}.Debug|Any CPU.ActiveCfg = Debug|Any CPU
		{033A9E04-0A57-91F7-AA90-0E44C2C22697}.Debug|Any CPU.Build.0 = Debug|Any CPU
		{033A9E04-0A57-91F7-AA90-0E44C2C22697}.Release|Any CPU.ActiveCfg = Release|Any CPU
		{033A9E04-0A57-91F7-AA90-0E44C2C22697}.Release|Any CPU.Build.0 = Release|Any CPU
		{4F4B665A-654A-E315-5C5A-8130DA1DD979}.Debug|Any CPU.ActiveCfg = Debug|Any CPU
		{4F4B665A-654A-E315-5C5A-8130DA1DD979}.Debug|Any CPU.Build.0 = Debug|Any CPU
		{4F4B665A-654A-E315-5C5A-8130DA1DD979}.Release|Any CPU.ActiveCfg = Release|Any CPU
		{4F4B665A-654A-E315-5C5A-8130DA1DD979}.Release|Any CPU.Build.0 = Release|Any CPU
		{CB102BB5-BDEB-4900-4A63-B242EC601349}.Debug|Any CPU.ActiveCfg = Debug|Any CPU
		{CB102BB5-BDEB-4900-4A63-B242EC601349}.Debug|Any CPU.Build.0 = Debug|Any CPU
		{CB102BB5-BDEB-4900-4A63-B242EC601349}.Release|Any CPU.ActiveCfg = Release|Any CPU
		{CB102BB5-BDEB-4900-4A63-B242EC601349}.Release|Any CPU.Build.0 = Release|Any CPU
		{E60FF5CB-093D-1EB9-C24B-BE0283D30468}.Debug|Any CPU.ActiveCfg = Debug|Any CPU
		{E60FF5CB-093D-1EB9-C24B-BE0283D30468}.Debug|Any CPU.Build.0 = Debug|Any CPU
		{E60FF5CB-093D-1EB9-C24B-BE0283D30468}.Release|Any CPU.ActiveCfg = Release|Any CPU
		{E60FF5CB-093D-1EB9-C24B-BE0283D30468}.Release|Any CPU.Build.0 = Release|Any CPU
		{94411AAB-4205-2F4C-A972-12A846E1A6D6}.Debug|Any CPU.ActiveCfg = Debug|Any CPU
		{94411AAB-4205-2F4C-A972-12A846E1A6D6}.Debug|Any CPU.Build.0 = Debug|Any CPU
		{94411AAB-4205-2F4C-A972-12A846E1A6D6}.Release|Any CPU.ActiveCfg = Release|Any CPU
		{94411AAB-4205-2F4C-A972-12A846E1A6D6}.Release|Any CPU.Build.0 = Release|Any CPU
		{3B1C816B-4050-BF8A-BEE9-20B46BF9E0A0}.Debug|Any CPU.ActiveCfg = Debug|Any CPU
		{3B1C816B-4050-BF8A-BEE9-20B46BF9E0A0}.Debug|Any CPU.Build.0 = Debug|Any CPU
		{3B1C816B-4050-BF8A-BEE9-20B46BF9E0A0}.Release|Any CPU.ActiveCfg = Release|Any CPU
		{3B1C816B-4050-BF8A-BEE9-20B46BF9E0A0}.Release|Any CPU.Build.0 = Release|Any CPU
		{0FCAEF50-5F9E-0C43-1C47-2B7281427E09}.Debug|Any CPU.ActiveCfg = Debug|Any CPU
		{0FCAEF50-5F9E-0C43-1C47-2B7281427E09}.Debug|Any CPU.Build.0 = Debug|Any CPU
		{0FCAEF50-5F9E-0C43-1C47-2B7281427E09}.Release|Any CPU.ActiveCfg = Release|Any CPU
		{0FCAEF50-5F9E-0C43-1C47-2B7281427E09}.Release|Any CPU.Build.0 = Release|Any CPU
		{F5A61E05-81C7-ECA9-DE6A-7287A9899E69}.Debug|Any CPU.ActiveCfg = Debug|Any CPU
		{F5A61E05-81C7-ECA9-DE6A-7287A9899E69}.Debug|Any CPU.Build.0 = Debug|Any CPU
		{F5A61E05-81C7-ECA9-DE6A-7287A9899E69}.Release|Any CPU.ActiveCfg = Release|Any CPU
		{F5A61E05-81C7-ECA9-DE6A-7287A9899E69}.Release|Any CPU.Build.0 = Release|Any CPU
		{AE441EBF-B517-EA94-7527-A1AB01738A14}.Debug|Any CPU.ActiveCfg = Debug|Any CPU
		{AE441EBF-B517-EA94-7527-A1AB01738A14}.Debug|Any CPU.Build.0 = Debug|Any CPU
		{AE441EBF-B517-EA94-7527-A1AB01738A14}.Release|Any CPU.ActiveCfg = Release|Any CPU
		{AE441EBF-B517-EA94-7527-A1AB01738A14}.Release|Any CPU.Build.0 = Release|Any CPU
		{CFD03242-4CD0-0FF9-AA65-67C4ADD7B59B}.Debug|Any CPU.ActiveCfg = Debug|Any CPU
		{CFD03242-4CD0-0FF9-AA65-67C4ADD7B59B}.Debug|Any CPU.Build.0 = Debug|Any CPU
		{CFD03242-4CD0-0FF9-AA65-67C4ADD7B59B}.Release|Any CPU.ActiveCfg = Release|Any CPU
		{CFD03242-4CD0-0FF9-AA65-67C4ADD7B59B}.Release|Any CPU.Build.0 = Release|Any CPU
		{72C71D5A-F7A2-8C89-2811-F832C35BB0B6}.Debug|Any CPU.ActiveCfg = Debug|Any CPU
		{72C71D5A-F7A2-8C89-2811-F832C35BB0B6}.Debug|Any CPU.Build.0 = Debug|Any CPU
		{72C71D5A-F7A2-8C89-2811-F832C35BB0B6}.Release|Any CPU.ActiveCfg = Release|Any CPU
		{72C71D5A-F7A2-8C89-2811-F832C35BB0B6}.Release|Any CPU.Build.0 = Release|Any CPU
		{4A4EAE94-0385-8628-5EEE-DBF26BE506AC}.Debug|Any CPU.ActiveCfg = Debug|Any CPU
		{4A4EAE94-0385-8628-5EEE-DBF26BE506AC}.Debug|Any CPU.Build.0 = Debug|Any CPU
		{4A4EAE94-0385-8628-5EEE-DBF26BE506AC}.Release|Any CPU.ActiveCfg = Release|Any CPU
		{4A4EAE94-0385-8628-5EEE-DBF26BE506AC}.Release|Any CPU.Build.0 = Release|Any CPU
	EndGlobalSection
	GlobalSection(SolutionProperties) = preSolution
		HideSolutionNode = FALSE
	EndGlobalSection
EndGlobal
